
Microsoft Visual Studio Solution File, Format Version 12.00
# Visual Studio Version 17
VisualStudioVersion = 17.0.32112.339
MinimumVisualStudioVersion = 10.0.40219.1
Project("{8BC9CEB8-8B4A-11D0-8D11-00A0C91BC942}") = "ray-casting", "ray-casting\ray-casting.vcxproj", "{D16229F9-0D6D-4D4F-AA0B-B2F75778D7EC}"
EndProject
Global
	GlobalSection(SolutionConfigurationPlatforms) = preSolution
		Debug|x64 = Debug|x64
		Debug|x86 = Debug|x86
		Release|x64 = Release|x64
		Release|x86 = Release|x86
	EndGlobalSection
	GlobalSection(ProjectConfigurationPlatforms) = postSolution
		{D16229F9-0D6D-4D4F-AA0B-B2F75778D7EC}.Debug|x64.ActiveCfg = Debug|x64
		{D16229F9-0D6D-4D4F-AA0B-B2F75778D7EC}.Debug|x64.Build.0 = Debug|x64
		{D16229F9-0D6D-4D4F-AA0B-B2F75778D7EC}.Debug|x86.ActiveCfg = Debug|Win32
		{D16229F9-0D6D-4D4F-AA0B-B2F75778D7EC}.Debug|x86.Build.0 = Debug|Win32
		{D16229F9-0D6D-4D4F-AA0B-B2F75778D7EC}.Release|x64.ActiveCfg = Release|x64
		{D16229F9-0D6D-4D4F-AA0B-B2F75778D7EC}.Release|x64.Build.0 = Release|x64
		{D16229F9-0D6D-4D4F-AA0B-B2F75778D7EC}.Release|x86.ActiveCfg = Release|Win32
		{D16229F9-0D6D-4D4F-AA0B-B2F75778D7EC}.Release|x86.Build.0 = Release|Win32
	EndGlobalSection
	GlobalSection(SolutionProperties) = preSolution
		HideSolutionNode = FALSE
	EndGlobalSection
	GlobalSection(ExtensibilityGlobals) = postSolution
		SolutionGuid = {8B8EE322-B683-4EEC-A856-3D9396B2BBAA}
	EndGlobalSection
EndGlobal
